
Microsoft Visual Studio Solution File, Format Version 12.00
# Visual Studio Version 16
VisualStudioVersion = 16.0.31112.23
MinimumVisualStudioVersion = 10.0.40219.1
Project("{FAE04EC0-301F-11D3-BF4B-00C04F79EFBC}") = "RandomNumbers", "RandomNumbers.csproj", "{4F9A9C45-B99C-4580-9103-4CD5478E8DC1}"
EndProject
Global
	GlobalSection(SolutionConfigurationPlatforms) = preSolution
		Debug|Any CPU = Debug|Any CPU
		Release|Any CPU = Release|Any CPU
	EndGlobalSection
	GlobalSection(ProjectConfigurationPlatforms) = postSolution
		{4F9A9C45-B99C-4580-9103-4CD5478E8DC1}.Debug|Any CPU.ActiveCfg = Debug|Any CPU
		{4F9A9C45-B99C-4580-9103-4CD5478E8DC1}.Debug|Any CPU.Build.0 = Debug|Any CPU
		{4F9A9C45-B99C-4580-9103-4CD5478E8DC1}.Release|Any CPU.ActiveCfg = Release|Any CPU
		{4F9A9C45-B99C-4580-9103-4CD5478E8DC1}.Release|Any CPU.Build.0 = Release|Any CPU
	EndGlobalSection
	GlobalSection(SolutionProperties) = preSolution
		HideSolutionNode = FALSE
	EndGlobalSection
	GlobalSection(ExtensibilityGlobals) = postSolution
		SolutionGuid = {F84493C4-F316-4C91-A00A-A49EBDDFA24C}
	EndGlobalSection
EndGlobal
